// !$*UTF8*$!
{
	archiveVersion = 1;
	classes = {
	};
	objectVersion = 56;
	objects = {

/* Begin PBXBuildFile section */
		3E73867A1045EAFC36468F0F /* Pods_FirebaseInstaClone.framework in Frameworks */ = {isa = PBXBuildFile; fileRef = B392EDDBD7D061B141BF688B /* Pods_FirebaseInstaClone.framework */; };
		B6632F2E2AE71D3D00AF1E07 /* AppDelegate.swift in Sources */ = {isa = PBXBuildFile; fileRef = B6632F2D2AE71D3D00AF1E07 /* AppDelegate.swift */; };
		B6632F302AE71D3D00AF1E07 /* SceneDelegate.swift in Sources */ = {isa = PBXBuildFile; fileRef = B6632F2F2AE71D3D00AF1E07 /* SceneDelegate.swift */; };
		B6632F322AE71D3D00AF1E07 /* ViewController.swift in Sources */ = {isa = PBXBuildFile; fileRef = B6632F312AE71D3D00AF1E07 /* ViewController.swift */; };
		B6632F352AE71D3D00AF1E07 /* Main.storyboard in Resources */ = {isa = PBXBuildFile; fileRef = B6632F332AE71D3D00AF1E07 /* Main.storyboard */; };
		B6632F372AE71D3E00AF1E07 /* Assets.xcassets in Resources */ = {isa = PBXBuildFile; fileRef = B6632F362AE71D3E00AF1E07 /* Assets.xcassets */; };
		B6632F3A2AE71D3E00AF1E07 /* LaunchScreen.storyboard in Resources */ = {isa = PBXBuildFile; fileRef = B6632F382AE71D3E00AF1E07 /* LaunchScreen.storyboard */; };
		B6632F422AE71FD300AF1E07 /* GoogleService-Info.plist in Resources */ = {isa = PBXBuildFile; fileRef = B6632F412AE71FD300AF1E07 /* GoogleService-Info.plist */; };
		B6632F442AE84C9900AF1E07 /* FeedViewController.swift in Sources */ = {isa = PBXBuildFile; fileRef = B6632F432AE84C9900AF1E07 /* FeedViewController.swift */; };
		B6632F462AE84CB100AF1E07 /* UploadViewController.swift in Sources */ = {isa = PBXBuildFile; fileRef = B6632F452AE84CB000AF1E07 /* UploadViewController.swift */; };
		B6632F482AE84CC000AF1E07 /* SettingsViewController.swift in Sources */ = {isa = PBXBuildFile; fileRef = B6632F472AE84CC000AF1E07 /* SettingsViewController.swift */; };
/* End PBXBuildFile section */

/* Begin PBXFileReference section */
		9EEA62527F69B26B15884340 /* Pods-FirebaseInstaClone.release.xcconfig */ = {isa = PBXFileReference; includeInIndex = 1; lastKnownFileType = text.xcconfig; name = "Pods-FirebaseInstaClone.release.xcconfig"; path = "Target Support Files/Pods-FirebaseInstaClone/Pods-FirebaseInstaClone.release.xcconfig"; sourceTree = "<group>"; };
		A4415A0C9D3C9C956603EF1C /* Pods-FirebaseInstaClone.debug.xcconfig */ = {isa = PBXFileReference; includeInIndex = 1; lastKnownFileType = text.xcconfig; name = "Pods-FirebaseInstaClone.debug.xcconfig"; path = "Target Support Files/Pods-FirebaseInstaClone/Pods-FirebaseInstaClone.debug.xcconfig"; sourceTree = "<group>"; };
		B392EDDBD7D061B141BF688B /* Pods_FirebaseInstaClone.framework */ = {isa = PBXFileReference; explicitFileType = wrapper.framework; includeInIndex = 0; path = Pods_FirebaseInstaClone.framework; sourceTree = BUILT_PRODUCTS_DIR; };
		B6632F2A2AE71D3D00AF1E07 /* FirebaseInstaClone.app */ = {isa = PBXFileReference; explicitFileType = wrapper.application; includeInIndex = 0; path = FirebaseInstaClone.app; sourceTree = BUILT_PRODUCTS_DIR; };
		B6632F2D2AE71D3D00AF1E07 /* AppDelegate.swift */ = {isa = PBXFileReference; lastKnownFileType = sourcecode.swift; path = AppDelegate.swift; sourceTree = "<group>"; };
		B6632F2F2AE71D3D00AF1E07 /* SceneDelegate.swift */ = {isa = PBXFileReference; lastKnownFileType = sourcecode.swift; path = SceneDelegate.swift; sourceTree = "<group>"; };
		B6632F312AE71D3D00AF1E07 /* ViewController.swift */ = {isa = PBXFileReference; lastKnownFileType = sourcecode.swift; path = ViewController.swift; sourceTree = "<group>"; };
		B6632F342AE71D3D00AF1E07 /* Base */ = {isa = PBXFileReference; lastKnownFileType = file.storyboard; name = Base; path = Base.lproj/Main.storyboard; sourceTree = "<group>"; };
		B6632F362AE71D3E00AF1E07 /* Assets.xcassets */ = {isa = PBXFileReference; lastKnownFileType = folder.assetcatalog; path = Assets.xcassets; sourceTree = "<group>"; };
		B6632F392AE71D3E00AF1E07 /* Base */ = {isa = PBXFileReference; lastKnownFileType = file.storyboard; name = Base; path = Base.lproj/LaunchScreen.storyboard; sourceTree = "<group>"; };
		B6632F3B2AE71D3E00AF1E07 /* Info.plist */ = {isa = PBXFileReference; lastKnownFileType = text.plist.xml; path = Info.plist; sourceTree = "<group>"; };
		B6632F412AE71FD300AF1E07 /* GoogleService-Info.plist */ = {isa = PBXFileReference; fileEncoding = 4; lastKnownFileType = text.plist.xml; path = "GoogleService-Info.plist"; sourceTree = "<group>"; };
		B6632F432AE84C9900AF1E07 /* FeedViewController.swift */ = {isa = PBXFileReference; lastKnownFileType = sourcecode.swift; path = FeedViewController.swift; sourceTree = "<group>"; };
		B6632F452AE84CB000AF1E07 /* UploadViewController.swift */ = {isa = PBXFileReference; lastKnownFileType = sourcecode.swift; path = UploadViewController.swift; sourceTree = "<group>"; };
		B6632F472AE84CC000AF1E07 /* SettingsViewController.swift */ = {isa = PBXFileReference; lastKnownFileType = sourcecode.swift; path = SettingsViewController.swift; sourceTree = "<group>"; };
/* End PBXFileReference section */

/* Begin PBXFrameworksBuildPhase section */
		B6632F272AE71D3D00AF1E07 /* Frameworks */ = {
			isa = PBXFrameworksBuildPhase;
			buildActionMask = 2147483647;
			files = (
				3E73867A1045EAFC36468F0F /* Pods_FirebaseInstaClone.framework in Frameworks */,
			);
			runOnlyForDeploymentPostprocessing = 0;
		};
/* End PBXFrameworksBuildPhase section */

/* Begin PBXGroup section */
		203D08F9D7999E80C65016A3 /* Frameworks */ = {
			isa = PBXGroup;
			children = (
				B392EDDBD7D061B141BF688B /* Pods_FirebaseInstaClone.framework */,
			);
			name = Frameworks;
			sourceTree = "<group>";
		};
		B6632F212AE71D3D00AF1E07 = {
			isa = PBXGroup;
			children = (
				B6632F2C2AE71D3D00AF1E07 /* FirebaseInstaClone */,
				B6632F2B2AE71D3D00AF1E07 /* Products */,
				C0DC28B35F2A1466B692E07C /* Pods */,
				203D08F9D7999E80C65016A3 /* Frameworks */,
			);
			sourceTree = "<group>";
		};
		B6632F2B2AE71D3D00AF1E07 /* Products */ = {
			isa = PBXGroup;
			children = (
				B6632F2A2AE71D3D00AF1E07 /* FirebaseInstaClone.app */,
			);
			name = Products;
			sourceTree = "<group>";
		};
		B6632F2C2AE71D3D00AF1E07 /* FirebaseInstaClone */ = {
			isa = PBXGroup;
			children = (
				B6632F2D2AE71D3D00AF1E07 /* AppDelegate.swift */,
				B6632F2F2AE71D3D00AF1E07 /* SceneDelegate.swift */,
				B6632F312AE71D3D00AF1E07 /* ViewController.swift */,
				B6632F452AE84CB000AF1E07 /* UploadViewController.swift */,
				B6632F432AE84C9900AF1E07 /* FeedViewController.swift */,
				B6632F472AE84CC000AF1E07 /* SettingsViewController.swift */,
				B6632F332AE71D3D00AF1E07 /* Main.storyboard */,
				B6632F362AE71D3E00AF1E07 /* Assets.xcassets */,
				B6632F382AE71D3E00AF1E07 /* LaunchScreen.storyboard */,
				B6632F3B2AE71D3E00AF1E07 /* Info.plist */,
				B6632F412AE71FD300AF1E07 /* GoogleService-Info.plist */,
			);
			path = FirebaseInstaClone;
			sourceTree = "<group>";
		};
		C0DC28B35F2A1466B692E07C /* Pods */ = {
			isa = PBXGroup;
			children = (
				A4415A0C9D3C9C956603EF1C /* Pods-FirebaseInstaClone.debug.xcconfig */,
				9EEA62527F69B26B15884340 /* Pods-FirebaseInstaClone.release.xcconfig */,
			);
			path = Pods;
			sourceTree = "<group>";
		};
/* End PBXGroup section */

/* Begin PBXNativeTarget section */
		B6632F292AE71D3D00AF1E07 /* FirebaseInstaClone */ = {
			isa = PBXNativeTarget;
			buildConfigurationList = B6632F3E2AE71D3E00AF1E07 /* Build configuration list for PBXNativeTarget "FirebaseInstaClone" */;
			buildPhases = (
				F5911C31C1AB2ADDEF8E9C2D /* [CP] Check Pods Manifest.lock */,
				B6632F262AE71D3D00AF1E07 /* Sources */,
				B6632F272AE71D3D00AF1E07 /* Frameworks */,
				B6632F282AE71D3D00AF1E07 /* Resources */,
				0FAE6055E44836F2BCA4BA2B /* [CP] Embed Pods Frameworks */,
			);
			buildRules = (
			);
			dependencies = (
			);
			name = FirebaseInstaClone;
			productName = FirebaseInstaClone;
			productReference = B6632F2A2AE71D3D00AF1E07 /* FirebaseInstaClone.app */;
			productType = "com.apple.product-type.application";
		};
/* End PBXNativeTarget section */

/* Begin PBXProject section */
		B6632F222AE71D3D00AF1E07 /* Project object */ = {
			isa = PBXProject;
			attributes = {
				BuildIndependentTargetsInParallel = 1;
				LastSwiftUpdateCheck = 1500;
				LastUpgradeCheck = 1500;
				TargetAttributes = {
					B6632F292AE71D3D00AF1E07 = {
						CreatedOnToolsVersion = 15.0.1;
					};
				};
			};
			buildConfigurationList = B6632F252AE71D3D00AF1E07 /* Build configuration list for PBXProject "FirebaseInstaClone" */;
			compatibilityVersion = "Xcode 14.0";
			developmentRegion = en;
			hasScannedForEncodings = 0;
			knownRegions = (
				en,
				Base,
			);
			mainGroup = B6632F212AE71D3D00AF1E07;
			productRefGroup = B6632F2B2AE71D3D00AF1E07 /* Products */;
			projectDirPath = "";
			projectRoot = "";
			targets = (
				B6632F292AE71D3D00AF1E07 /* FirebaseInstaClone */,
			);
		};
/* End PBXProject section */

/* Begin PBXResourcesBuildPhase section */
		B6632F282AE71D3D00AF1E07 /* Resources */ = {
			isa = PBXResourcesBuildPhase;
			buildActionMask = 2147483647;
			files = (
				B6632F3A2AE71D3E00AF1E07 /* LaunchScreen.storyboard in Resources */,
				B6632F422AE71FD300AF1E07 /* GoogleService-Info.plist in Resources */,
				B6632F372AE71D3E00AF1E07 /* Assets.xcassets in Resources */,
				B6632F352AE71D3D00AF1E07 /* Main.storyboard in Resources */,
			);
			runOnlyForDeploymentPostprocessing = 0;
		};
/* End PBXResourcesBuildPhase section */

/* Begin PBXShellScriptBuildPhase section */
		0FAE6055E44836F2BCA4BA2B /* [CP] Embed Pods Frameworks */ = {
			isa = PBXShellScriptBuildPhase;
			buildActionMask = 2147483647;
			files = (
			);
			inputFileListPaths = (
				"${PODS_ROOT}/Target Support Files/Pods-FirebaseInstaClone/Pods-FirebaseInstaClone-frameworks-${CONFIGURATION}-input-files.xcfilelist",
			);
			name = "[CP] Embed Pods Frameworks";
			outputFileListPaths = (
				"${PODS_ROOT}/Target Support Files/Pods-FirebaseInstaClone/Pods-FirebaseInstaClone-frameworks-${CONFIGURATION}-output-files.xcfilelist",
			);
			runOnlyForDeploymentPostprocessing = 0;
			shellPath = /bin/sh;
			shellScript = "\"${PODS_ROOT}/Target Support Files/Pods-FirebaseInstaClone/Pods-FirebaseInstaClone-frameworks.sh\"\n";
			showEnvVarsInLog = 0;
		};
		F5911C31C1AB2ADDEF8E9C2D /* [CP] Check Pods Manifest.lock */ = {
			isa = PBXShellScriptBuildPhase;
			buildActionMask = 2147483647;
			files = (
			);
			inputFileListPaths = (
			);
			inputPaths = (
				"${PODS_PODFILE_DIR_PATH}/Podfile.lock",
				"${PODS_ROOT}/Manifest.lock",
			);
			name = "[CP] Check Pods Manifest.lock";
			outputFileListPaths = (
			);
			outputPaths = (
				"$(DERIVED_FILE_DIR)/Pods-FirebaseInstaClone-checkManifestLockResult.txt",
			);
			runOnlyForDeploymentPostprocessing = 0;
			shellPath = /bin/sh;
			shellScript = "diff \"${PODS_PODFILE_DIR_PATH}/Podfile.lock\" \"${PODS_ROOT}/Manifest.lock\" > /dev/null\nif [ $? != 0 ] ; then\n    # print error to STDERR\n    echo \"error: The sandbox is not in sync with the Podfile.lock. Run 'pod install' or update your CocoaPods installation.\" >&2\n    exit 1\nfi\n# This output is used by Xcode 'outputs' to avoid re-running this script phase.\necho \"SUCCESS\" > \"${SCRIPT_OUTPUT_FILE_0}\"\n";
			showEnvVarsInLog = 0;
		};
/* End PBXShellScriptBuildPhase section */

/* Begin PBXSourcesBuildPhase section */
		B6632F262AE71D3D00AF1E07 /* Sources */ = {
			isa = PBXSourcesBuildPhase;
			buildActionMask = 2147483647;
			files = (
				B6632F322AE71D3D00AF1E07 /* ViewController.swift in Sources */,
				B6632F462AE84CB100AF1E07 /* UploadViewController.swift in Sources */,
				B6632F2E2AE71D3D00AF1E07 /* AppDelegate.swift in Sources */,
				B6632F442AE84C9900AF1E07 /* FeedViewController.swift in Sources */,
				B6632F302AE71D3D00AF1E07 /* SceneDelegate.swift in Sources */,
				B6632F482AE84CC000AF1E07 /* SettingsViewController.swift in Sources */,
			);
			runOnlyForDeploymentPostprocessing = 0;
		};
/* End PBXSourcesBuildPhase section */

/* Begin PBXVariantGroup section */
		B6632F332AE71D3D00AF1E07 /* Main.storyboard */ = {
			isa = PBXVariantGroup;
			children = (
				B6632F342AE71D3D00AF1E07 /* Base */,
			);
			name = Main.storyboard;
			sourceTree = "<group>";
		};
		B6632F382AE71D3E00AF1E07 /* LaunchScreen.storyboard */ = {
			isa = PBXVariantGroup;
			children = (
				B6632F392AE71D3E00AF1E07 /* Base */,
			);
			name = LaunchScreen.storyboard;
			sourceTree = "<group>";
		};
/* End PBXVariantGroup section */

/* Begin XCBuildConfiguration section */
		B6632F3C2AE71D3E00AF1E07 /* Debug */ = {
			isa = XCBuildConfiguration;
			buildSettings = {
				ALWAYS_SEARCH_USER_PATHS = NO;
				ASSETCATALOG_COMPILER_GENERATE_SWIFT_ASSET_SYMBOL_EXTENSIONS = YES;
				CLANG_ANALYZER_NONNULL = YES;
				CLANG_ANALYZER_NUMBER_OBJECT_CONVERSION = YES_AGGRESSIVE;
				CLANG_CXX_LANGUAGE_STANDARD = "gnu++20";
				CLANG_ENABLE_MODULES = YES;
				CLANG_ENABLE_OBJC_ARC = YES;
				CLANG_ENABLE_OBJC_WEAK = YES;
				CLANG_WARN_BLOCK_CAPTURE_AUTORELEASING = YES;
				CLANG_WARN_BOOL_CONVERSION = YES;
				CLANG_WARN_COMMA = YES;
				CLANG_WARN_CONSTANT_CONVERSION = YES;
				CLANG_WARN_DEPRECATED_OBJC_IMPLEMENTATIONS = YES;
				CLANG_WARN_DIRECT_OBJC_ISA_USAGE = YES_ERROR;
				CLANG_WARN_DOCUMENTATION_COMMENTS = YES;
				CLANG_WARN_EMPTY_BODY = YES;
				CLANG_WARN_ENUM_CONVERSION = YES;
				CLANG_WARN_INFINITE_RECURSION = YES;
				CLANG_WARN_INT_CONVERSION = YES;
				CLANG_WARN_NON_LITERAL_NULL_CONVERSION = YES;
				CLANG_WARN_OBJC_IMPLICIT_RETAIN_SELF = YES;
				CLANG_WARN_OBJC_LITERAL_CONVERSION = YES;
				CLANG_WARN_OBJC_ROOT_CLASS = YES_ERROR;
				CLANG_WARN_QUOTED_INCLUDE_IN_FRAMEWORK_HEADER = YES;
				CLANG_WARN_RANGE_LOOP_ANALYSIS = YES;
				CLANG_WARN_STRICT_PROTOTYPES = YES;
				CLANG_WARN_SUSPICIOUS_MOVE = YES;
				CLANG_WARN_UNGUARDED_AVAILABILITY = YES_AGGRESSIVE;
				CLANG_WARN_UNREACHABLE_CODE = YES;
				CLANG_WARN__DUPLICATE_METHOD_MATCH = YES;
				COPY_PHASE_STRIP = NO;
				DEBUG_INFORMATION_FORMAT = dwarf;
				ENABLE_STRICT_OBJC_MSGSEND = YES;
				ENABLE_TESTABILITY = YES;
				ENABLE_USER_SCRIPT_SANDBOXING = YES;
				GCC_C_LANGUAGE_STANDARD = gnu17;
				GCC_DYNAMIC_NO_PIC = NO;
				GCC_NO_COMMON_BLOCKS = YES;
				GCC_OPTIMIZATION_LEVEL = 0;
				GCC_PREPROCESSOR_DEFINITIONS = (
					"DEBUG=1",
					"$(inherited)",
				);
				GCC_WARN_64_TO_32_BIT_CONVERSION = YES;
				GCC_WARN_ABOUT_RETURN_TYPE = YES_ERROR;
				GCC_WARN_UNDECLARED_SELECTOR = YES;
				GCC_WARN_UNINITIALIZED_AUTOS = YES_AGGRESSIVE;
				GCC_WARN_UNUSED_FUNCTION = YES;
				GCC_WARN_UNUSED_VARIABLE = YES;
				IPHONEOS_DEPLOYMENT_TARGET = 17.0;
				LOCALIZATION_PREFERS_STRING_CATALOGS = YES;
				MTL_ENABLE_DEBUG_INFO = INCLUDE_SOURCE;
				MTL_FAST_MATH = YES;
				ONLY_ACTIVE_ARCH = YES;
				SDKROOT = iphoneos;
				SWIFT_ACTIVE_COMPILATION_CONDITIONS = "DEBUG $(inherited)";
				SWIFT_OPTIMIZATION_LEVEL = "-Onone";
			};
			name = Debug;
		};
		B6632F3D2AE71D3E00AF1E07 /* Release */ = {
			isa = XCBuildConfiguration;
			buildSettings = {
				ALWAYS_SEARCH_USER_PATHS = NO;
				ASSETCATALOG_COMPILER_GENERATE_SWIFT_ASSET_SYMBOL_EXTENSIONS = YES;
				CLANG_ANALYZER_NONNULL = YES;
				CLANG_ANALYZER_NUMBER_OBJECT_CONVERSION = YES_AGGRESSIVE;
				CLANG_CXX_LANGUAGE_STANDARD = "gnu++20";
				CLANG_ENABLE_MODULES = YES;
				CLANG_ENABLE_OBJC_ARC = YES;
				CLANG_ENABLE_OBJC_WEAK = YES;
				CLANG_WARN_BLOCK_CAPTURE_AUTORELEASING = YES;
				CLANG_WARN_BOOL_CONVERSION = YES;
				CLANG_WARN_COMMA = YES;
				CLANG_WARN_CONSTANT_CONVERSION = YES;
				CLANG_WARN_DEPRECATED_OBJC_IMPLEMENTATIONS = YES;
				CLANG_WARN_DIRECT_OBJC_ISA_USAGE = YES_ERROR;
				CLANG_WARN_DOCUMENTATION_COMMENTS = YES;
				CLANG_WARN_EMPTY_BODY = YES;
				CLANG_WARN_ENUM_CONVERSION = YES;
				CLANG_WARN_INFINITE_RECURSION = YES;
				CLANG_WARN_INT_CONVERSION = YES;
				CLANG_WARN_NON_LITERAL_NULL_CONVERSION = YES;
				CLANG_WARN_OBJC_IMPLICIT_RETAIN_SELF = YES;
				CLANG_WARN_OBJC_LITERAL_CONVERSION = YES;
				CLANG_WARN_OBJC_ROOT_CLASS = YES_ERROR;
				CLANG_WARN_QUOTED_INCLUDE_IN_FRAMEWORK_HEADER = YES;
				CLANG_WARN_RANGE_LOOP_ANALYSIS = YES;
				CLANG_WARN_STRICT_PROTOTYPES = YES;
				CLANG_WARN_SUSPICIOUS_MOVE = YES;
				CLANG_WARN_UNGUARDED_AVAILABILITY = YES_AGGRESSIVE;
				CLANG_WARN_UNREACHABLE_CODE = YES;
				CLANG_WARN__DUPLICATE_METHOD_MATCH = YES;
				COPY_PHASE_STRIP = NO;
				DEBUG_INFORMATION_FORMAT = "dwarf-with-dsym";
				ENABLE_NS_ASSERTIONS = NO;
				ENABLE_STRICT_OBJC_MSGSEND = YES;
				ENABLE_USER_SCRIPT_SANDBOXING = YES;
				GCC_C_LANGUAGE_STANDARD = gnu17;
				GCC_NO_COMMON_BLOCKS = YES;
				GCC_WARN_64_TO_32_BIT_CONVERSION = YES;
				GCC_WARN_ABOUT_RETURN_TYPE = YES_ERROR;
				GCC_WARN_UNDECLARED_SELECTOR = YES;
				GCC_WARN_UNINITIALIZED_AUTOS = YES_AGGRESSIVE;
				GCC_WARN_UNUSED_FUNCTION = YES;
				GCC_WARN_UNUSED_VARIABLE = YES;
				IPHONEOS_DEPLOYMENT_TARGET = 17.0;
				LOCALIZATION_PREFERS_STRING_CATALOGS = YES;
				MTL_ENABLE_DEBUG_INFO = NO;
				MTL_FAST_MATH = YES;
				SDKROOT = iphoneos;
				SWIFT_COMPILATION_MODE = wholemodule;
				VALIDATE_PRODUCT = YES;
			};
			name = Release;
		};
		B6632F3F2AE71D3E00AF1E07 /* Debug */ = {
			isa = XCBuildConfiguration;
			baseConfigurationReference = A4415A0C9D3C9C956603EF1C /* Pods-FirebaseInstaClone.debug.xcconfig */;
			buildSettings = {
				ASSETCATALOG_COMPILER_APPICON_NAME = AppIcon;
				ASSETCATALOG_COMPILER_GLOBAL_ACCENT_COLOR_NAME = AccentColor;
				CODE_SIGN_STYLE = Automatic;
				CURRENT_PROJECT_VERSION = 1;
				DEVELOPMENT_TEAM = 4S74JS2879;
				ENABLE_USER_SCRIPT_SANDBOXING = NO;
				GENERATE_INFOPLIST_FILE = YES;
				INFOPLIST_FILE = FirebaseInstaClone/Info.plist;
				INFOPLIST_KEY_UIApplicationSupportsIndirectInputEvents = YES;
				INFOPLIST_KEY_UILaunchStoryboardName = LaunchScreen;
				INFOPLIST_KEY_UIMainStoryboardFile = Main;
				INFOPLIST_KEY_UISupportedInterfaceOrientations_iPad = "UIInterfaceOrientationPortrait UIInterfaceOrientationPortraitUpsideDown UIInterfaceOrientationLandscapeLeft UIInterfaceOrientationLandscapeRight";
				INFOPLIST_KEY_UISupportedInterfaceOrientations_iPhone = "UIInterfaceOrientationPortrait UIInterfaceOrientationLandscapeLeft UIInterfaceOrientationLandscapeRight";
				IPHONEOS_DEPLOYMENT_TARGET = 17.0;
				LD_RUNPATH_SEARCH_PATHS = (
					"$(inherited)",
					"@executable_path/Frameworks",
				);
				MARKETING_VERSION = 1.0;
				PRODUCT_BUNDLE_IDENTIFIER = com.selcukileri.FirebaseInstaClone;
				PRODUCT_NAME = "$(TARGET_NAME)";
				SWIFT_EMIT_LOC_STRINGS = YES;
				SWIFT_VERSION = 5.0;
				TARGETED_DEVICE_FAMILY = "1,2";
			};
			name = Debug;
		};
		B6632F402AE71D3E00AF1E07 /* Release */ = {
			isa = XCBuildConfiguration;
			baseConfigurationReference = 9EEA62527F69B26B15884340 /* Pods-FirebaseInstaClone.release.xcconfig */;
			buildSettings = {
				ASSETCATALOG_COMPILER_APPICON_NAME = AppIcon;
				ASSETCATALOG_COMPILER_GLOBAL_ACCENT_COLOR_NAME = AccentColor;
				CODE_SIGN_STYLE = Automatic;
				CURRENT_PROJECT_VERSION = 1;
				DEVELOPMENT_TEAM = 4S74JS2879;
				ENABLE_USER_SCRIPT_SANDBOXING = NO;
				GENERATE_INFOPLIST_FILE = YES;
				INFOPLIST_FILE = FirebaseInstaClone/Info.plist;
				INFOPLIST_KEY_UIApplicationSupportsIndirectInputEvents = YES;
				INFOPLIST_KEY_UILaunchStoryboardName = LaunchScreen;
				INFOPLIST_KEY_UIMainStoryboardFile = Main;
				INFOPLIST_KEY_UISupportedInterfaceOrientations_iPad = "UIInterfaceOrientationPortrait UIInterfaceOrientationPortraitUpsideDown UIInterfaceOrientationLandscapeLeft UIInterfaceOrientationLandscapeRight";
				INFOPLIST_KEY_UISupportedInterfaceOrientations_iPhone = "UIInterfaceOrientationPortrait UIInterfaceOrientationLandscapeLeft UIInterfaceOrientationLandscapeRight";
				IPHONEOS_DEPLOYMENT_TARGET = 17.0;
				LD_RUNPATH_SEARCH_PATHS = (
					"$(inherited)",
					"@executable_path/Frameworks",
				);
				MARKETING_VERSION = 1.0;
				PRODUCT_BUNDLE_IDENTIFIER = com.selcukileri.FirebaseInstaClone;
				PRODUCT_NAME = "$(TARGET_NAME)";
				SWIFT_EMIT_LOC_STRINGS = YES;
				SWIFT_VERSION = 5.0;
				TARGETED_DEVICE_FAMILY = "1,2";
			};
			name = Release;
		};
/* End XCBuildConfiguration section */

/* Begin XCConfigurationList section */
		B6632F252AE71D3D00AF1E07 /* Build configuration list for PBXProject "FirebaseInstaClone" */ = {
			isa = XCConfigurationList;
			buildConfigurations = (
				B6632F3C2AE71D3E00AF1E07 /* Debug */,
				B6632F3D2AE71D3E00AF1E07 /* Release */,
			);
			defaultConfigurationIsVisible = 0;
			defaultConfigurationName = Release;
		};
		B6632F3E2AE71D3E00AF1E07 /* Build configuration list for PBXNativeTarget "FirebaseInstaClone" */ = {
			isa = XCConfigurationList;
			buildConfigurations = (
				B6632F3F2AE71D3E00AF1E07 /* Debug */,
				B6632F402AE71D3E00AF1E07 /* Release */,
			);
			defaultConfigurationIsVisible = 0;
			defaultConfigurationName = Release;
		};
/* End XCConfigurationList section */
	};
	rootObject = B6632F222AE71D3D00AF1E07 /* Project object */;
}
